
Microsoft Visual Studio Solution File, Format Version 12.00
# Visual Studio Version 17
VisualStudioVersion = 17.14.36705.20 d17.14
MinimumVisualStudioVersion = 10.0.40219.1
Project("{FAE04EC0-301F-11D3-BF4B-00C04F79EFBC}") = "TechSouq.API", "TechSouq-API\TechSouq.API.csproj", "{D93A9F12-4A79-7695-8769-4B44493983AD}"
EndProject
Project("{FAE04EC0-301F-11D3-BF4B-00C04F79EFBC}") = "TechSouq.Domain", "TechSouq.Domian\TechSouq.Domain.csproj", "{AFB90AB1-7704-45A4-561E-C10C6530C400}"
EndProject
Project("{FAE04EC0-301F-11D3-BF4B-00C04F79EFBC}") = "TechSouq.Application", "TechSouq-Business-Layer\TechSouq.Application.csproj", "{63FCA766-7F15-6B8F-3C3A-38476F875121}"
EndProject
Project("{FAE04EC0-301F-11D3-BF4B-00C04F79EFBC}") = "TechSouq.Infrastructure", "TechSouq-DataLayer\TechSouq.Infrastructure.csproj", "{4E02A00D-DDB1-1CD6-CC40-5FE077556B77}"
EndProject
Global
	GlobalSection(SolutionConfigurationPlatforms) = preSolution
		Debug|Any CPU = Debug|Any CPU
		Release|Any CPU = Release|Any CPU
	EndGlobalSection
	GlobalSection(ProjectConfigurationPlatforms) = postSolution
		{D93A9F12-4A79-7695-8769-4B44493983AD}.Debug|Any CPU.ActiveCfg = Debug|Any CPU
		{D93A9F12-4A79-7695-8769-4B44493983AD}.Debug|Any CPU.Build.0 = Debug|Any CPU
		{D93A9F12-4A79-7695-8769-4B44493983AD}.Release|Any CPU.ActiveCfg = Release|Any CPU
		{D93A9F12-4A79-7695-8769-4B44493983AD}.Release|Any CPU.Build.0 = Release|Any CPU
		{AFB90AB1-7704-45A4-561E-C10C6530C400}.Debug|Any CPU.ActiveCfg = Debug|Any CPU
		{AFB90AB1-7704-45A4-561E-C10C6530C400}.Debug|Any CPU.Build.0 = Debug|Any CPU
		{AFB90AB1-7704-45A4-561E-C10C6530C400}.Release|Any CPU.ActiveCfg = Release|Any CPU
		{AFB90AB1-7704-45A4-561E-C10C6530C400}.Release|Any CPU.Build.0 = Release|Any CPU
		{63FCA766-7F15-6B8F-3C3A-38476F875121}.Debug|Any CPU.ActiveCfg = Debug|Any CPU
		{63FCA766-7F15-6B8F-3C3A-38476F875121}.Debug|Any CPU.Build.0 = Debug|Any CPU
		{63FCA766-7F15-6B8F-3C3A-38476F875121}.Release|Any CPU.ActiveCfg = Release|Any CPU
		{63FCA766-7F15-6B8F-3C3A-38476F875121}.Release|Any CPU.Build.0 = Release|Any CPU
		{4E02A00D-DDB1-1CD6-CC40-5FE077556B77}.Debug|Any CPU.ActiveCfg = Debug|Any CPU
		{4E02A00D-DDB1-1CD6-CC40-5FE077556B77}.Debug|Any CPU.Build.0 = Debug|Any CPU
		{4E02A00D-DDB1-1CD6-CC40-5FE077556B77}.Release|Any CPU.ActiveCfg = Release|Any CPU
		{4E02A00D-DDB1-1CD6-CC40-5FE077556B77}.Release|Any CPU.Build.0 = Release|Any CPU
	EndGlobalSection
	GlobalSection(SolutionProperties) = preSolution
		HideSolutionNode = FALSE
	EndGlobalSection
	GlobalSection(ExtensibilityGlobals) = postSolution
		SolutionGuid = {38B52167-6EB3-43AF-9E10-E2810487A239}
	EndGlobalSection
EndGlobal
